<?xml version="1.0" encoding="utf-8"?>
<Project ToolsVersion="4.0" xmlns="http://schemas.microsoft.com/developer/msbuild/2003">
  <ItemGroup>
    <Filter Include="Source Files">
      <UniqueIdentifier>{4FC737F1-C7A5-4376-A066-2A32D752A2FF}</UniqueIdentifier>
      <Extensions>cpp;c;cc;cxx;def;odl;idl;hpj;bat;asm;asmx</Extensions>
    </Filter>
    <Filter Include="Header Files">
      <UniqueIdentifier>{93995380-89BD-4b04-88EB-625FBE52EBFB}</UniqueIdentifier>
      <Extensions>h;hh;hpp;hxx;hm;inl;inc;xsd</Extensions>
    </Filter>
    <Filter Include="Resource Files">
      <UniqueIdentifier>{67DA6AB6-F800-4c08-8B7A-83BB121AAD01}</UniqueIdentifier>
      <Extensions>rc;ico;cur;bmp;dlg;rc2;rct;bin;rgs;gif;jpg;jpeg;jpe;resx;tiff;tif;png;wav</Extensions>
    </Filter>
    <Filter Include="Examples">
      <UniqueIdentifier>{6865d109-aac0-4757-bc04-c05088578d04}</UniqueIdentifier>
    </Filter>
  </ItemGroup>
  <ItemGroup>
    <ClCompile Include="src\bvh.cpp">
      <Filter>Source Files</Filter>
    </ClCompile>
    <ClCompile Include="src\loader.cpp">
      <Filter>Source Files</Filter>
    </ClCompile>
    <ClCompile Include="src\main.cpp">
      <Filter>Source Files</Filter>
    </ClCompile>
    <ClCompile Include="src\mesh.cpp">
      <Filter>Source Files</Filter>
    </ClCompile>
    <ClCompile Include="src\platform.cpp">
      <Filter>Source Files</Filter>
    </ClCompile>
    <ClCompile Include="src\render.cpp">
      <Filter>Source Files</Filter>
    </ClCompile>
  </ItemGroup>
  <ItemGroup>
    <ClInclude Include="src\bvh.h">
      <Filter>Header Files</Filter>
    </ClInclude>
    <ClInclude Include="src\camera.h">
      <Filter>Header Files</Filter>
    </ClInclude>
    <ClInclude Include="src\disney.h">
      <Filter>Header Files</Filter>
    </ClInclude>
    <ClInclude Include="src\intersection.h">
      <Filter>Header Files</Filter>
    </ClInclude>
    <ClInclude Include="src\loader.h">
      <Filter>Header Files</Filter>
    </ClInclude>
    <ClInclude Include="src\maths.h">
      <Filter>Header Files</Filter>
    </ClInclude>
    <ClInclude Include="src\mesh.h">
      <Filter>Header Files</Filter>
    </ClInclude>
    <ClInclude Include="src\render.h">
      <Filter>Header Files</Filter>
    </ClInclude>
    <ClInclude Include="src\scene.h">
      <Filter>Header Files</Filter>
    </ClInclude>
    <ClInclude Include="src\skylight.h">
      <Filter>Header Files</Filter>
    </ClInclude>
    <ClInclude Include="src\tests\testMaterials.h">
      <Filter>Header Files</Filter>
    </ClInclude>
    <ClInclude Include="src\tests\testMesh.h">
      <Filter>Header Files</Filter>
    </ClInclude>
    <ClInclude Include="src\tests\testMotionBlur.h">
      <Filter>Header Files</Filter>
    </ClInclude>
    <ClInclude Include="src\tests\testVeach.h">
      <Filter>Header Files</Filter>
    </ClInclude>
  </ItemGroup>
  <ItemGroup>
    <None Include="README.md" />
    <None Include="data\conservation.tin">
      <Filter>Examples</Filter>
    </None>
    <None Include="data\cornell.tin">
      <Filter>Examples</Filter>
    </None>
    <None Include="data\example.tin">
      <Filter>Examples</Filter>
    </None>
    <None Include="data\simple.tin">
      <Filter>Examples</Filter>
    </None>
    <None Include="data\gloss.tin">
      <Filter>Examples</Filter>
    </None>
    <None Include="data\veach.tin">
      <Filter>Examples</Filter>
    </None>
  </ItemGroup>
  <ItemGroup>
    <Text Include="LICENSE.txt" />
  </ItemGroup>
  <ItemGroup>
    <CustomBuild Include="src\render.cu">
      <Filter>Source Files</Filter>
    </CustomBuild>
  </ItemGroup>
</Project>